// !$*UTF8*$!
{
	archiveVersion = 1;
	classes = {
	};
	objectVersion = 55;
	objects = {

/* Begin PBXBuildFile section */
		B0FD778C277DE61E004D749C /* AppDelegate.swift in Sources */ = {isa = PBXBuildFile; fileRef = B0FD778B277DE61E004D749C /* AppDelegate.swift */; };
		B0FD778E277DE61E004D749C /* SceneDelegate.swift in Sources */ = {isa = PBXBuildFile; fileRef = B0FD778D277DE61E004D749C /* SceneDelegate.swift */; };
		B0FD7790277DE61E004D749C /* ViewController.swift in Sources */ = {isa = PBXBuildFile; fileRef = B0FD778F277DE61E004D749C /* ViewController.swift */; };
		B0FD7793277DE61E004D749C /* Main.storyboard in Resources */ = {isa = PBXBuildFile; fileRef = B0FD7791277DE61E004D749C /* Main.storyboard */; };
		B0FD7796277DE61E004D749C /* Foxy.xcdatamodeld in Sources */ = {isa = PBXBuildFile; fileRef = B0FD7794277DE61E004D749C /* Foxy.xcdatamodeld */; };
		B0FD7798277DE620004D749C /* Assets.xcassets in Resources */ = {isa = PBXBuildFile; fileRef = B0FD7797277DE620004D749C /* Assets.xcassets */; };
		B0FD779B277DE620004D749C /* LaunchScreen.storyboard in Resources */ = {isa = PBXBuildFile; fileRef = B0FD7799277DE620004D749C /* LaunchScreen.storyboard */; };
		EB0CA34D951BC767733FB0C1 /* Pods_Foxy.framework in Frameworks */ = {isa = PBXBuildFile; fileRef = 6C85B652251062BE6A1F0437 /* Pods_Foxy.framework */; };
/* End PBXBuildFile section */

/* Begin PBXFileReference section */
		655624273B03AF80F673F9A5 /* Pods-Foxy.release.xcconfig */ = {isa = PBXFileReference; includeInIndex = 1; lastKnownFileType = text.xcconfig; name = "Pods-Foxy.release.xcconfig"; path = "Target Support Files/Pods-Foxy/Pods-Foxy.release.xcconfig"; sourceTree = "<group>"; };
		6C85B652251062BE6A1F0437 /* Pods_Foxy.framework */ = {isa = PBXFileReference; explicitFileType = wrapper.framework; includeInIndex = 0; path = Pods_Foxy.framework; sourceTree = BUILT_PRODUCTS_DIR; };
		B0FD7788277DE61E004D749C /* Foxy.app */ = {isa = PBXFileReference; explicitFileType = wrapper.application; includeInIndex = 0; path = Foxy.app; sourceTree = BUILT_PRODUCTS_DIR; };
		B0FD778B277DE61E004D749C /* AppDelegate.swift */ = {isa = PBXFileReference; lastKnownFileType = sourcecode.swift; path = AppDelegate.swift; sourceTree = "<group>"; };
		B0FD778D277DE61E004D749C /* SceneDelegate.swift */ = {isa = PBXFileReference; lastKnownFileType = sourcecode.swift; path = SceneDelegate.swift; sourceTree = "<group>"; };
		B0FD778F277DE61E004D749C /* ViewController.swift */ = {isa = PBXFileReference; lastKnownFileType = sourcecode.swift; path = ViewController.swift; sourceTree = "<group>"; };
		B0FD7792277DE61E004D749C /* Base */ = {isa = PBXFileReference; lastKnownFileType = file.storyboard; name = Base; path = Base.lproj/Main.storyboard; sourceTree = "<group>"; };
		B0FD7795277DE61E004D749C /* Foxy.xcdatamodel */ = {isa = PBXFileReference; lastKnownFileType = wrapper.xcdatamodel; path = Foxy.xcdatamodel; sourceTree = "<group>"; };
		B0FD7797277DE620004D749C /* Assets.xcassets */ = {isa = PBXFileReference; lastKnownFileType = folder.assetcatalog; path = Assets.xcassets; sourceTree = "<group>"; };
		B0FD779A277DE620004D749C /* Base */ = {isa = PBXFileReference; lastKnownFileType = file.storyboard; name = Base; path = Base.lproj/LaunchScreen.storyboard; sourceTree = "<group>"; };
		B0FD779C277DE620004D749C /* Info.plist */ = {isa = PBXFileReference; lastKnownFileType = text.plist.xml; path = Info.plist; sourceTree = "<group>"; };
		DBE4F90D4D46C12DB5818C6D /* Pods-Foxy.debug.xcconfig */ = {isa = PBXFileReference; includeInIndex = 1; lastKnownFileType = text.xcconfig; name = "Pods-Foxy.debug.xcconfig"; path = "Target Support Files/Pods-Foxy/Pods-Foxy.debug.xcconfig"; sourceTree = "<group>"; };
/* End PBXFileReference section */

/* Begin PBXFrameworksBuildPhase section */
		B0FD7785277DE61E004D749C /* Frameworks */ = {
			isa = PBXFrameworksBuildPhase;
			buildActionMask = 2147483647;
			files = (
				EB0CA34D951BC767733FB0C1 /* Pods_Foxy.framework in Frameworks */,
			);
			runOnlyForDeploymentPostprocessing = 0;
		};
/* End PBXFrameworksBuildPhase section */

/* Begin PBXGroup section */
		7A2ECD097F85D691CC11E50F /* Frameworks */ = {
			isa = PBXGroup;
			children = (
				6C85B652251062BE6A1F0437 /* Pods_Foxy.framework */,
			);
			name = Frameworks;
			sourceTree = "<group>";
		};
		B0FD777F277DE61E004D749C = {
			isa = PBXGroup;
			children = (
				B0FD778A277DE61E004D749C /* Foxy */,
				B0FD7789277DE61E004D749C /* Products */,
				CD03B5ACD34594B1183A158D /* Pods */,
				7A2ECD097F85D691CC11E50F /* Frameworks */,
			);
			sourceTree = "<group>";
		};
		B0FD7789277DE61E004D749C /* Products */ = {
			isa = PBXGroup;
			children = (
				B0FD7788277DE61E004D749C /* Foxy.app */,
			);
			name = Products;
			sourceTree = "<group>";
		};
		B0FD778A277DE61E004D749C /* Foxy */ = {
			isa = PBXGroup;
			children = (
				B0FD778B277DE61E004D749C /* AppDelegate.swift */,
				B0FD778D277DE61E004D749C /* SceneDelegate.swift */,
				B0FD778F277DE61E004D749C /* ViewController.swift */,
				B0FD7791277DE61E004D749C /* Main.storyboard */,
				B0FD7797277DE620004D749C /* Assets.xcassets */,
				B0FD7799277DE620004D749C /* LaunchScreen.storyboard */,
				B0FD779C277DE620004D749C /* Info.plist */,
				B0FD7794277DE61E004D749C /* Foxy.xcdatamodeld */,
			);
			path = Foxy;
			sourceTree = "<group>";
		};
		CD03B5ACD34594B1183A158D /* Pods */ = {
			isa = PBXGroup;
			children = (
				DBE4F90D4D46C12DB5818C6D /* Pods-Foxy.debug.xcconfig */,
				655624273B03AF80F673F9A5 /* Pods-Foxy.release.xcconfig */,
			);
			name = Pods;
			path = Pods;
			sourceTree = "<group>";
		};
/* End PBXGroup section */

/* Begin PBXNativeTarget section */
		B0FD7787277DE61E004D749C /* Foxy */ = {
			isa = PBXNativeTarget;
			buildConfigurationList = B0FD779F277DE620004D749C /* Build configuration list for PBXNativeTarget "Foxy" */;
			buildPhases = (
				EF5C9A1C52462D607C4EC6C4 /* [CP] Check Pods Manifest.lock */,
				B0FD7784277DE61E004D749C /* Sources */,
				B0FD7785277DE61E004D749C /* Frameworks */,
				B0FD7786277DE61E004D749C /* Resources */,
				34BEF3FE2548829B71C4981E /* [CP] Embed Pods Frameworks */,
			);
			buildRules = (
			);
			dependencies = (
			);
			name = Foxy;
			productName = Foxy;
			productReference = B0FD7788277DE61E004D749C /* Foxy.app */;
			productType = "com.apple.product-type.application";
		};
/* End PBXNativeTarget section */

/* Begin PBXProject section */
		B0FD7780277DE61E004D749C /* Project object */ = {
			isa = PBXProject;
			attributes = {
				BuildIndependentTargetsInParallel = 1;
				LastSwiftUpdateCheck = 1320;
				LastUpgradeCheck = 1320;
				TargetAttributes = {
					B0FD7787277DE61E004D749C = {
						CreatedOnToolsVersion = 13.2.1;
					};
				};
			};
			buildConfigurationList = B0FD7783277DE61E004D749C /* Build configuration list for PBXProject "Foxy" */;
			compatibilityVersion = "Xcode 13.0";
			developmentRegion = en;
			hasScannedForEncodings = 0;
			knownRegions = (
				en,
				Base,
			);
			mainGroup = B0FD777F277DE61E004D749C;
			productRefGroup = B0FD7789277DE61E004D749C /* Products */;
			projectDirPath = "";
			projectRoot = "";
			targets = (
				B0FD7787277DE61E004D749C /* Foxy */,
			);
		};
/* End PBXProject section */

/* Begin PBXResourcesBuildPhase section */
		B0FD7786277DE61E004D749C /* Resources */ = {
			isa = PBXResourcesBuildPhase;
			buildActionMask = 2147483647;
			files = (
				B0FD779B277DE620004D749C /* LaunchScreen.storyboard in Resources */,
				B0FD7798277DE620004D749C /* Assets.xcassets in Resources */,
				B0FD7793277DE61E004D749C /* Main.storyboard in Resources */,
			);
			runOnlyForDeploymentPostprocessing = 0;
		};
/* End PBXResourcesBuildPhase section */

/* Begin PBXShellScriptBuildPhase section */
		34BEF3FE2548829B71C4981E /* [CP] Embed Pods Frameworks */ = {
			isa = PBXShellScriptBuildPhase;
			buildActionMask = 2147483647;
			files = (
			);
			inputFileListPaths = (
				"${PODS_ROOT}/Target Support Files/Pods-Foxy/Pods-Foxy-frameworks-${CONFIGURATION}-input-files.xcfilelist",
			);
			name = "[CP] Embed Pods Frameworks";
			outputFileListPaths = (
				"${PODS_ROOT}/Target Support Files/Pods-Foxy/Pods-Foxy-frameworks-${CONFIGURATION}-output-files.xcfilelist",
			);
			runOnlyForDeploymentPostprocessing = 0;
			shellPath = /bin/sh;
			shellScript = "\"${PODS_ROOT}/Target Support Files/Pods-Foxy/Pods-Foxy-frameworks.sh\"\n";
			showEnvVarsInLog = 0;
		};
		EF5C9A1C52462D607C4EC6C4 /* [CP] Check Pods Manifest.lock */ = {
			isa = PBXShellScriptBuildPhase;
			buildActionMask = 2147483647;
			files = (
			);
			inputFileListPaths = (
			);
			inputPaths = (
				"${PODS_PODFILE_DIR_PATH}/Podfile.lock",
				"${PODS_ROOT}/Manifest.lock",
			);
			name = "[CP] Check Pods Manifest.lock";
			outputFileListPaths = (
			);
			outputPaths = (
				"$(DERIVED_FILE_DIR)/Pods-Foxy-checkManifestLockResult.txt",
			);
			runOnlyForDeploymentPostprocessing = 0;
			shellPath = /bin/sh;
			shellScript = "diff \"${PODS_PODFILE_DIR_PATH}/Podfile.lock\" \"${PODS_ROOT}/Manifest.lock\" > /dev/null\nif [ $? != 0 ] ; then\n    # print error to STDERR\n    echo \"error: The sandbox is not in sync with the Podfile.lock. Run 'pod install' or update your CocoaPods installation.\" >&2\n    exit 1\nfi\n# This output is used by Xcode 'outputs' to avoid re-running this script phase.\necho \"SUCCESS\" > \"${SCRIPT_OUTPUT_FILE_0}\"\n";
			showEnvVarsInLog = 0;
		};
/* End PBXShellScriptBuildPhase section */

/* Begin PBXSourcesBuildPhase section */
		B0FD7784277DE61E004D749C /* Sources */ = {
			isa = PBXSourcesBuildPhase;
			buildActionMask = 2147483647;
			files = (
				B0FD7790277DE61E004D749C /* ViewController.swift in Sources */,
				B0FD778C277DE61E004D749C /* AppDelegate.swift in Sources */,
				B0FD778E277DE61E004D749C /* SceneDelegate.swift in Sources */,
				B0FD7796277DE61E004D749C /* Foxy.xcdatamodeld in Sources */,
			);
			runOnlyForDeploymentPostprocessing = 0;
		};
/* End PBXSourcesBuildPhase section */

/* Begin PBXVariantGroup section */
		B0FD7791277DE61E004D749C /* Main.storyboard */ = {
			isa = PBXVariantGroup;
			children = (
				B0FD7792277DE61E004D749C /* Base */,
			);
			name = Main.storyboard;
			sourceTree = "<group>";
		};
		B0FD7799277DE620004D749C /* LaunchScreen.storyboard */ = {
			isa = PBXVariantGroup;
			children = (
				B0FD779A277DE620004D749C /* Base */,
			);
			name = LaunchScreen.storyboard;
			sourceTree = "<group>";
		};
/* End PBXVariantGroup section */

/* Begin XCBuildConfiguration section */
		B0FD779D277DE620004D749C /* Debug */ = {
			isa = XCBuildConfiguration;
			buildSettings = {
				ALWAYS_SEARCH_USER_PATHS = NO;
				CLANG_ANALYZER_NONNULL = YES;
				CLANG_ANALYZER_NUMBER_OBJECT_CONVERSION = YES_AGGRESSIVE;
				CLANG_CXX_LANGUAGE_STANDARD = "gnu++17";
				CLANG_CXX_LIBRARY = "libc++";
				CLANG_ENABLE_MODULES = YES;
				CLANG_ENABLE_OBJC_ARC = YES;
				CLANG_ENABLE_OBJC_WEAK = YES;
				CLANG_WARN_BLOCK_CAPTURE_AUTORELEASING = YES;
				CLANG_WARN_BOOL_CONVERSION = YES;
				CLANG_WARN_COMMA = YES;
				CLANG_WARN_CONSTANT_CONVERSION = YES;
				CLANG_WARN_DEPRECATED_OBJC_IMPLEMENTATIONS = YES;
				CLANG_WARN_DIRECT_OBJC_ISA_USAGE = YES_ERROR;
				CLANG_WARN_DOCUMENTATION_COMMENTS = YES;
				CLANG_WARN_EMPTY_BODY = YES;
				CLANG_WARN_ENUM_CONVERSION = YES;
				CLANG_WARN_INFINITE_RECURSION = YES;
				CLANG_WARN_INT_CONVERSION = YES;
				CLANG_WARN_NON_LITERAL_NULL_CONVERSION = YES;
				CLANG_WARN_OBJC_IMPLICIT_RETAIN_SELF = YES;
				CLANG_WARN_OBJC_LITERAL_CONVERSION = YES;
				CLANG_WARN_OBJC_ROOT_CLASS = YES_ERROR;
				CLANG_WARN_QUOTED_INCLUDE_IN_FRAMEWORK_HEADER = YES;
				CLANG_WARN_RANGE_LOOP_ANALYSIS = YES;
				CLANG_WARN_STRICT_PROTOTYPES = YES;
				CLANG_WARN_SUSPICIOUS_MOVE = YES;
				CLANG_WARN_UNGUARDED_AVAILABILITY = YES_AGGRESSIVE;
				CLANG_WARN_UNREACHABLE_CODE = YES;
				CLANG_WARN__DUPLICATE_METHOD_MATCH = YES;
				COPY_PHASE_STRIP = NO;
				DEBUG_INFORMATION_FORMAT = dwarf;
				ENABLE_STRICT_OBJC_MSGSEND = YES;
				ENABLE_TESTABILITY = YES;
				GCC_C_LANGUAGE_STANDARD = gnu11;
				GCC_DYNAMIC_NO_PIC = NO;
				GCC_NO_COMMON_BLOCKS = YES;
				GCC_OPTIMIZATION_LEVEL = 0;
				GCC_PREPROCESSOR_DEFINITIONS = (
					"DEBUG=1",
					"$(inherited)",
				);
				GCC_WARN_64_TO_32_BIT_CONVERSION = YES;
				GCC_WARN_ABOUT_RETURN_TYPE = YES_ERROR;
				GCC_WARN_UNDECLARED_SELECTOR = YES;
				GCC_WARN_UNINITIALIZED_AUTOS = YES_AGGRESSIVE;
				GCC_WARN_UNUSED_FUNCTION = YES;
				GCC_WARN_UNUSED_VARIABLE = YES;
				IPHONEOS_DEPLOYMENT_TARGET = 15.2;
				MTL_ENABLE_DEBUG_INFO = INCLUDE_SOURCE;
				MTL_FAST_MATH = YES;
				ONLY_ACTIVE_ARCH = YES;
				SDKROOT = iphoneos;
				SWIFT_ACTIVE_COMPILATION_CONDITIONS = DEBUG;
				SWIFT_OPTIMIZATION_LEVEL = "-Onone";
			};
			name = Debug;
		};
		B0FD779E277DE620004D749C /* Release */ = {
			isa = XCBuildConfiguration;
			buildSettings = {
				ALWAYS_SEARCH_USER_PATHS = NO;
				CLANG_ANALYZER_NONNULL = YES;
				CLANG_ANALYZER_NUMBER_OBJECT_CONVERSION = YES_AGGRESSIVE;
				CLANG_CXX_LANGUAGE_STANDARD = "gnu++17";
				CLANG_CXX_LIBRARY = "libc++";
				CLANG_ENABLE_MODULES = YES;
				CLANG_ENABLE_OBJC_ARC = YES;
				CLANG_ENABLE_OBJC_WEAK = YES;
				CLANG_WARN_BLOCK_CAPTURE_AUTORELEASING = YES;
				CLANG_WARN_BOOL_CONVERSION = YES;
				CLANG_WARN_COMMA = YES;
				CLANG_WARN_CONSTANT_CONVERSION = YES;
				CLANG_WARN_DEPRECATED_OBJC_IMPLEMENTATIONS = YES;
				CLANG_WARN_DIRECT_OBJC_ISA_USAGE = YES_ERROR;
				CLANG_WARN_DOCUMENTATION_COMMENTS = YES;
				CLANG_WARN_EMPTY_BODY = YES;
				CLANG_WARN_ENUM_CONVERSION = YES;
				CLANG_WARN_INFINITE_RECURSION = YES;
				CLANG_WARN_INT_CONVERSION = YES;
				CLANG_WARN_NON_LITERAL_NULL_CONVERSION = YES;
				CLANG_WARN_OBJC_IMPLICIT_RETAIN_SELF = YES;
				CLANG_WARN_OBJC_LITERAL_CONVERSION = YES;
				CLANG_WARN_OBJC_ROOT_CLASS = YES_ERROR;
				CLANG_WARN_QUOTED_INCLUDE_IN_FRAMEWORK_HEADER = YES;
				CLANG_WARN_RANGE_LOOP_ANALYSIS = YES;
				CLANG_WARN_STRICT_PROTOTYPES = YES;
				CLANG_WARN_SUSPICIOUS_MOVE = YES;
				CLANG_WARN_UNGUARDED_AVAILABILITY = YES_AGGRESSIVE;
				CLANG_WARN_UNREACHABLE_CODE = YES;
				CLANG_WARN__DUPLICATE_METHOD_MATCH = YES;
				COPY_PHASE_STRIP = NO;
				DEBUG_INFORMATION_FORMAT = "dwarf-with-dsym";
				ENABLE_NS_ASSERTIONS = NO;
				ENABLE_STRICT_OBJC_MSGSEND = YES;
				GCC_C_LANGUAGE_STANDARD = gnu11;
				GCC_NO_COMMON_BLOCKS = YES;
				GCC_WARN_64_TO_32_BIT_CONVERSION = YES;
				GCC_WARN_ABOUT_RETURN_TYPE = YES_ERROR;
				GCC_WARN_UNDECLARED_SELECTOR = YES;
				GCC_WARN_UNINITIALIZED_AUTOS = YES_AGGRESSIVE;
				GCC_WARN_UNUSED_FUNCTION = YES;
				GCC_WARN_UNUSED_VARIABLE = YES;
				IPHONEOS_DEPLOYMENT_TARGET = 15.2;
				MTL_ENABLE_DEBUG_INFO = NO;
				MTL_FAST_MATH = YES;
				SDKROOT = iphoneos;
				SWIFT_COMPILATION_MODE = wholemodule;
				SWIFT_OPTIMIZATION_LEVEL = "-O";
				VALIDATE_PRODUCT = YES;
			};
			name = Release;
		};
		B0FD77A0277DE620004D749C /* Debug */ = {
			isa = XCBuildConfiguration;
			baseConfigurationReference = DBE4F90D4D46C12DB5818C6D /* Pods-Foxy.debug.xcconfig */;
			buildSettings = {
				ASSETCATALOG_COMPILER_APPICON_NAME = AppIcon;
				ASSETCATALOG_COMPILER_GLOBAL_ACCENT_COLOR_NAME = AccentColor;
				CODE_SIGN_STYLE = Automatic;
				CURRENT_PROJECT_VERSION = 1;
				DEVELOPMENT_TEAM = L964CV4KRG;
				GENERATE_INFOPLIST_FILE = YES;
				INFOPLIST_FILE = Foxy/Info.plist;
				INFOPLIST_KEY_UIApplicationSupportsIndirectInputEvents = YES;
				INFOPLIST_KEY_UILaunchStoryboardName = LaunchScreen;
				INFOPLIST_KEY_UIMainStoryboardFile = Main;
				INFOPLIST_KEY_UISupportedInterfaceOrientations = "UIInterfaceOrientationPortrait UIInterfaceOrientationLandscapeLeft UIInterfaceOrientationLandscapeRight";
				INFOPLIST_KEY_UISupportedInterfaceOrientations_iPad = "UIInterfaceOrientationPortrait UIInterfaceOrientationPortraitUpsideDown UIInterfaceOrientationLandscapeLeft UIInterfaceOrientationLandscapeRight";
				INFOPLIST_KEY_UISupportedInterfaceOrientations_iPhone = "UIInterfaceOrientationPortrait UIInterfaceOrientationLandscapeLeft UIInterfaceOrientationLandscapeRight";
				IPHONEOS_DEPLOYMENT_TARGET = 12.0;
				LD_RUNPATH_SEARCH_PATHS = (
					"$(inherited)",
					"@executable_path/Frameworks",
				);
				MARKETING_VERSION = 1.0;
				PRODUCT_BUNDLE_IDENTIFIER = com.lrkhabibullin.Foxy;
				PRODUCT_NAME = "$(TARGET_NAME)";
				SWIFT_EMIT_LOC_STRINGS = YES;
				SWIFT_VERSION = 5.0;
				TARGETED_DEVICE_FAMILY = "1,2";
			};
			name = Debug;
		};
		B0FD77A1277DE620004D749C /* Release */ = {
			isa = XCBuildConfiguration;
			baseConfigurationReference = 655624273B03AF80F673F9A5 /* Pods-Foxy.release.xcconfig */;
			buildSettings = {
				ASSETCATALOG_COMPILER_APPICON_NAME = AppIcon;
				ASSETCATALOG_COMPILER_GLOBAL_ACCENT_COLOR_NAME = AccentColor;
				CODE_SIGN_STYLE = Automatic;
				CURRENT_PROJECT_VERSION = 1;
				DEVELOPMENT_TEAM = L964CV4KRG;
				GENERATE_INFOPLIST_FILE = YES;
				INFOPLIST_FILE = Foxy/Info.plist;
				INFOPLIST_KEY_UIApplicationSupportsIndirectInputEvents = YES;
				INFOPLIST_KEY_UILaunchStoryboardName = LaunchScreen;
				INFOPLIST_KEY_UIMainStoryboardFile = Main;
				INFOPLIST_KEY_UISupportedInterfaceOrientations = "UIInterfaceOrientationPortrait UIInterfaceOrientationLandscapeLeft UIInterfaceOrientationLandscapeRight";
				INFOPLIST_KEY_UISupportedInterfaceOrientations_iPad = "UIInterfaceOrientationPortrait UIInterfaceOrientationPortraitUpsideDown UIInterfaceOrientationLandscapeLeft UIInterfaceOrientationLandscapeRight";
				INFOPLIST_KEY_UISupportedInterfaceOrientations_iPhone = "UIInterfaceOrientationPortrait UIInterfaceOrientationLandscapeLeft UIInterfaceOrientationLandscapeRight";
				IPHONEOS_DEPLOYMENT_TARGET = 12.0;
				LD_RUNPATH_SEARCH_PATHS = (
					"$(inherited)",
					"@executable_path/Frameworks",
				);
				MARKETING_VERSION = 1.0;
				PRODUCT_BUNDLE_IDENTIFIER = com.lrkhabibullin.Foxy;
				PRODUCT_NAME = "$(TARGET_NAME)";
				SWIFT_EMIT_LOC_STRINGS = YES;
				SWIFT_VERSION = 5.0;
				TARGETED_DEVICE_FAMILY = "1,2";
			};
			name = Release;
		};
/* End XCBuildConfiguration section */

/* Begin XCConfigurationList section */
		B0FD7783277DE61E004D749C /* Build configuration list for PBXProject "Foxy" */ = {
			isa = XCConfigurationList;
			buildConfigurations = (
				B0FD779D277DE620004D749C /* Debug */,
				B0FD779E277DE620004D749C /* Release */,
			);
			defaultConfigurationIsVisible = 0;
			defaultConfigurationName = Release;
		};
		B0FD779F277DE620004D749C /* Build configuration list for PBXNativeTarget "Foxy" */ = {
			isa = XCConfigurationList;
			buildConfigurations = (
				B0FD77A0277DE620004D749C /* Debug */,
				B0FD77A1277DE620004D749C /* Release */,
			);
			defaultConfigurationIsVisible = 0;
			defaultConfigurationName = Release;
		};
/* End XCConfigurationList section */

/* Begin XCVersionGroup section */
		B0FD7794277DE61E004D749C /* Foxy.xcdatamodeld */ = {
			isa = XCVersionGroup;
			children = (
				B0FD7795277DE61E004D749C /* Foxy.xcdatamodel */,
			);
			currentVersion = B0FD7795277DE61E004D749C /* Foxy.xcdatamodel */;
			path = Foxy.xcdatamodeld;
			sourceTree = "<group>";
			versionGroupType = wrapper.xcdatamodel;
		};
/* End XCVersionGroup section */
	};
	rootObject = B0FD7780277DE61E004D749C /* Project object */;
}
