// !$*UTF8*$!
{
	archiveVersion = 1;
	classes = {
	};
	objectVersion = 55;
	objects = {

/* Begin PBXBuildFile section */
		1289FC17F2423456278AB1BC /* Pods_Foxy.framework in Frameworks */ = {isa = PBXBuildFile; fileRef = 370C3EB8C5600B2BFD965038 /* Pods_Foxy.framework */; };
		B047E85B2788CE90003891E9 /* PopupNotificationsManager.swift in Sources */ = {isa = PBXBuildFile; fileRef = B047E85A2788CE90003891E9 /* PopupNotificationsManager.swift */; };
		B0D9057227822119009B0782 /* FlickerSizePhoto.swift in Sources */ = {isa = PBXBuildFile; fileRef = B0D9056627822119009B0782 /* FlickerSizePhoto.swift */; };
		B0D9057427822119009B0782 /* FlickerPhotoRequest.swift in Sources */ = {isa = PBXBuildFile; fileRef = B0D9056827822119009B0782 /* FlickerPhotoRequest.swift */; };
		B0D9057527822119009B0782 /* ErrorCaseGetPopularMethods.swift in Sources */ = {isa = PBXBuildFile; fileRef = B0D9056927822119009B0782 /* ErrorCaseGetPopularMethods.swift */; };
		B0D9057627822119009B0782 /* GetInterestingnessResponse.swift in Sources */ = {isa = PBXBuildFile; fileRef = B0D9056A27822119009B0782 /* GetInterestingnessResponse.swift */; };
		B0D9057727822119009B0782 /* MainScreenComponent.swift in Sources */ = {isa = PBXBuildFile; fileRef = B0D9056B27822119009B0782 /* MainScreenComponent.swift */; };
		B0D9057827822119009B0782 /* MainScreenModel.swift in Sources */ = {isa = PBXBuildFile; fileRef = B0D9056D27822119009B0782 /* MainScreenModel.swift */; };
		B0D9057927822119009B0782 /* MainScreenViewModel.swift in Sources */ = {isa = PBXBuildFile; fileRef = B0D9056E27822119009B0782 /* MainScreenViewModel.swift */; };
		B0D9057A27822119009B0782 /* ImageCell.swift in Sources */ = {isa = PBXBuildFile; fileRef = B0D9057027822119009B0782 /* ImageCell.swift */; };
		B0D9057B27822119009B0782 /* MainScreenView.swift in Sources */ = {isa = PBXBuildFile; fileRef = B0D9057127822119009B0782 /* MainScreenView.swift */; };
		B0D9058027822121009B0782 /* UIView+Extension.swift in Sources */ = {isa = PBXBuildFile; fileRef = B0D9057D27822121009B0782 /* UIView+Extension.swift */; };
		B0D9058127822121009B0782 /* String+Extension.swift in Sources */ = {isa = PBXBuildFile; fileRef = B0D9057E27822121009B0782 /* String+Extension.swift */; };
		B0D9058227822121009B0782 /* CGSize+Extension.swift in Sources */ = {isa = PBXBuildFile; fileRef = B0D9057F27822121009B0782 /* CGSize+Extension.swift */; };
		B0D905842782212C009B0782 /* RootComponent.swift in Sources */ = {isa = PBXBuildFile; fileRef = B0D905832782212C009B0782 /* RootComponent.swift */; };
		B0D90587278221FB009B0782 /* NeedleGenerated.swift in Sources */ = {isa = PBXBuildFile; fileRef = B0D90586278221FB009B0782 /* NeedleGenerated.swift */; };
		B0D9058F2786DD0F009B0782 /* CoreDataManager.swift in Sources */ = {isa = PBXBuildFile; fileRef = B0D9058E2786DD0F009B0782 /* CoreDataManager.swift */; };
		B0D905932786E07E009B0782 /* Photo.swift in Sources */ = {isa = PBXBuildFile; fileRef = B0D905922786E07E009B0782 /* Photo.swift */; };
		B0D905952786E70D009B0782 /* Closures.swift in Sources */ = {isa = PBXBuildFile; fileRef = B0D905942786E70D009B0782 /* Closures.swift */; };
		B0D905982786E80C009B0782 /* FoxyError.swift in Sources */ = {isa = PBXBuildFile; fileRef = B0D905972786E80C009B0782 /* FoxyError.swift */; };
		B0E458232782202600D5E780 /* AppDelegate.swift in Sources */ = {isa = PBXBuildFile; fileRef = B0E458222782202600D5E780 /* AppDelegate.swift */; };
		B0E4582D2782202600D5E780 /* Foxy.xcdatamodeld in Sources */ = {isa = PBXBuildFile; fileRef = B0E4582B2782202600D5E780 /* Foxy.xcdatamodeld */; };
		B0E4582F2782202800D5E780 /* Assets.xcassets in Resources */ = {isa = PBXBuildFile; fileRef = B0E4582E2782202800D5E780 /* Assets.xcassets */; };
		B0E458322782202800D5E780 /* LaunchScreen.storyboard in Resources */ = {isa = PBXBuildFile; fileRef = B0E458302782202800D5E780 /* LaunchScreen.storyboard */; };
		B0E67348278846C00057F412 /* NetworkManager.swift in Sources */ = {isa = PBXBuildFile; fileRef = B0E67347278846C00057F412 /* NetworkManager.swift */; };
/* End PBXBuildFile section */

/* Begin PBXFileReference section */
		351238C422480948CFE0E1B8 /* Pods-Foxy.debug.xcconfig */ = {isa = PBXFileReference; includeInIndex = 1; lastKnownFileType = text.xcconfig; name = "Pods-Foxy.debug.xcconfig"; path = "Target Support Files/Pods-Foxy/Pods-Foxy.debug.xcconfig"; sourceTree = "<group>"; };
		370C3EB8C5600B2BFD965038 /* Pods_Foxy.framework */ = {isa = PBXFileReference; explicitFileType = wrapper.framework; includeInIndex = 0; path = Pods_Foxy.framework; sourceTree = BUILT_PRODUCTS_DIR; };
		B047E85A2788CE90003891E9 /* PopupNotificationsManager.swift */ = {isa = PBXFileReference; lastKnownFileType = sourcecode.swift; path = PopupNotificationsManager.swift; sourceTree = "<group>"; };
		B0D9056627822119009B0782 /* FlickerSizePhoto.swift */ = {isa = PBXFileReference; fileEncoding = 4; lastKnownFileType = sourcecode.swift; path = FlickerSizePhoto.swift; sourceTree = "<group>"; };
		B0D9056827822119009B0782 /* FlickerPhotoRequest.swift */ = {isa = PBXFileReference; fileEncoding = 4; lastKnownFileType = sourcecode.swift; path = FlickerPhotoRequest.swift; sourceTree = "<group>"; };
		B0D9056927822119009B0782 /* ErrorCaseGetPopularMethods.swift */ = {isa = PBXFileReference; fileEncoding = 4; lastKnownFileType = sourcecode.swift; path = ErrorCaseGetPopularMethods.swift; sourceTree = "<group>"; };
		B0D9056A27822119009B0782 /* GetInterestingnessResponse.swift */ = {isa = PBXFileReference; fileEncoding = 4; lastKnownFileType = sourcecode.swift; path = GetInterestingnessResponse.swift; sourceTree = "<group>"; };
		B0D9056B27822119009B0782 /* MainScreenComponent.swift */ = {isa = PBXFileReference; fileEncoding = 4; lastKnownFileType = sourcecode.swift; path = MainScreenComponent.swift; sourceTree = "<group>"; };
		B0D9056D27822119009B0782 /* MainScreenModel.swift */ = {isa = PBXFileReference; fileEncoding = 4; lastKnownFileType = sourcecode.swift; path = MainScreenModel.swift; sourceTree = "<group>"; };
		B0D9056E27822119009B0782 /* MainScreenViewModel.swift */ = {isa = PBXFileReference; fileEncoding = 4; lastKnownFileType = sourcecode.swift; path = MainScreenViewModel.swift; sourceTree = "<group>"; };
		B0D9057027822119009B0782 /* ImageCell.swift */ = {isa = PBXFileReference; fileEncoding = 4; lastKnownFileType = sourcecode.swift; path = ImageCell.swift; sourceTree = "<group>"; };
		B0D9057127822119009B0782 /* MainScreenView.swift */ = {isa = PBXFileReference; fileEncoding = 4; lastKnownFileType = sourcecode.swift; path = MainScreenView.swift; sourceTree = "<group>"; };
		B0D9057D27822121009B0782 /* UIView+Extension.swift */ = {isa = PBXFileReference; fileEncoding = 4; lastKnownFileType = sourcecode.swift; path = "UIView+Extension.swift"; sourceTree = "<group>"; };
		B0D9057E27822121009B0782 /* String+Extension.swift */ = {isa = PBXFileReference; fileEncoding = 4; lastKnownFileType = sourcecode.swift; path = "String+Extension.swift"; sourceTree = "<group>"; };
		B0D9057F27822121009B0782 /* CGSize+Extension.swift */ = {isa = PBXFileReference; fileEncoding = 4; lastKnownFileType = sourcecode.swift; path = "CGSize+Extension.swift"; sourceTree = "<group>"; };
		B0D905832782212C009B0782 /* RootComponent.swift */ = {isa = PBXFileReference; fileEncoding = 4; lastKnownFileType = sourcecode.swift; path = RootComponent.swift; sourceTree = "<group>"; };
		B0D90586278221FB009B0782 /* NeedleGenerated.swift */ = {isa = PBXFileReference; fileEncoding = 4; lastKnownFileType = sourcecode.swift; path = NeedleGenerated.swift; sourceTree = "<group>"; };
		B0D9058E2786DD0F009B0782 /* CoreDataManager.swift */ = {isa = PBXFileReference; lastKnownFileType = sourcecode.swift; path = CoreDataManager.swift; sourceTree = "<group>"; };
		B0D905922786E07E009B0782 /* Photo.swift */ = {isa = PBXFileReference; lastKnownFileType = sourcecode.swift; path = Photo.swift; sourceTree = "<group>"; };
		B0D905942786E70D009B0782 /* Closures.swift */ = {isa = PBXFileReference; lastKnownFileType = sourcecode.swift; path = Closures.swift; sourceTree = "<group>"; };
		B0D905972786E80C009B0782 /* FoxyError.swift */ = {isa = PBXFileReference; lastKnownFileType = sourcecode.swift; path = FoxyError.swift; sourceTree = "<group>"; };
		B0E4581F2782202600D5E780 /* Foxy.app */ = {isa = PBXFileReference; explicitFileType = wrapper.application; includeInIndex = 0; path = Foxy.app; sourceTree = BUILT_PRODUCTS_DIR; };
		B0E458222782202600D5E780 /* AppDelegate.swift */ = {isa = PBXFileReference; lastKnownFileType = sourcecode.swift; path = AppDelegate.swift; sourceTree = "<group>"; };
		B0E4582C2782202600D5E780 /* Foxy.xcdatamodel */ = {isa = PBXFileReference; lastKnownFileType = wrapper.xcdatamodel; path = Foxy.xcdatamodel; sourceTree = "<group>"; };
		B0E4582E2782202800D5E780 /* Assets.xcassets */ = {isa = PBXFileReference; lastKnownFileType = folder.assetcatalog; path = Assets.xcassets; sourceTree = "<group>"; };
		B0E458312782202800D5E780 /* Base */ = {isa = PBXFileReference; lastKnownFileType = file.storyboard; name = Base; path = Base.lproj/LaunchScreen.storyboard; sourceTree = "<group>"; };
		B0E458332782202800D5E780 /* Info.plist */ = {isa = PBXFileReference; lastKnownFileType = text.plist.xml; path = Info.plist; sourceTree = "<group>"; };
		B0E67347278846C00057F412 /* NetworkManager.swift */ = {isa = PBXFileReference; lastKnownFileType = sourcecode.swift; path = NetworkManager.swift; sourceTree = "<group>"; };
		F1C2D5BD863CA441C79587FE /* Pods-Foxy.release.xcconfig */ = {isa = PBXFileReference; includeInIndex = 1; lastKnownFileType = text.xcconfig; name = "Pods-Foxy.release.xcconfig"; path = "Target Support Files/Pods-Foxy/Pods-Foxy.release.xcconfig"; sourceTree = "<group>"; };
/* End PBXFileReference section */

/* Begin PBXFrameworksBuildPhase section */
		B0E4581C2782202600D5E780 /* Frameworks */ = {
			isa = PBXFrameworksBuildPhase;
			buildActionMask = 2147483647;
			files = (
				1289FC17F2423456278AB1BC /* Pods_Foxy.framework in Frameworks */,
			);
			runOnlyForDeploymentPostprocessing = 0;
		};
/* End PBXFrameworksBuildPhase section */

/* Begin PBXGroup section */
		86D89FA0C653299749D9200C /* Frameworks */ = {
			isa = PBXGroup;
			children = (
				370C3EB8C5600B2BFD965038 /* Pods_Foxy.framework */,
			);
			name = Frameworks;
			sourceTree = "<group>";
		};
		AF5B63DB05A93194665B8B23 /* Pods */ = {
			isa = PBXGroup;
			children = (
				351238C422480948CFE0E1B8 /* Pods-Foxy.debug.xcconfig */,
				F1C2D5BD863CA441C79587FE /* Pods-Foxy.release.xcconfig */,
			);
			path = Pods;
			sourceTree = "<group>";
		};
		B0D9056427822119009B0782 /* MainScreen */ = {
			isa = PBXGroup;
			children = (
				B0D9056B27822119009B0782 /* MainScreenComponent.swift */,
				B0D9056C27822119009B0782 /* mvvm */,
				B0D9056527822119009B0782 /* models */,
			);
			path = MainScreen;
			sourceTree = "<group>";
		};
		B0D9056527822119009B0782 /* models */ = {
			isa = PBXGroup;
			children = (
				B0D9056627822119009B0782 /* FlickerSizePhoto.swift */,
				B0D9056827822119009B0782 /* FlickerPhotoRequest.swift */,
				B0D9056927822119009B0782 /* ErrorCaseGetPopularMethods.swift */,
				B0D9056A27822119009B0782 /* GetInterestingnessResponse.swift */,
			);
			path = models;
			sourceTree = "<group>";
		};
		B0D9056C27822119009B0782 /* mvvm */ = {
			isa = PBXGroup;
			children = (
				B0D9057127822119009B0782 /* MainScreenView.swift */,
				B0D9056E27822119009B0782 /* MainScreenViewModel.swift */,
				B0D9056D27822119009B0782 /* MainScreenModel.swift */,
				B0D9056F27822119009B0782 /* subviews */,
			);
			path = mvvm;
			sourceTree = "<group>";
		};
		B0D9056F27822119009B0782 /* subviews */ = {
			isa = PBXGroup;
			children = (
				B0D9057027822119009B0782 /* ImageCell.swift */,
			);
			path = subviews;
			sourceTree = "<group>";
		};
		B0D9057C27822121009B0782 /* extensions */ = {
			isa = PBXGroup;
			children = (
				B0D9057D27822121009B0782 /* UIView+Extension.swift */,
				B0D9057E27822121009B0782 /* String+Extension.swift */,
				B0D9057F27822121009B0782 /* CGSize+Extension.swift */,
				B0D905942786E70D009B0782 /* Closures.swift */,
			);
			path = extensions;
			sourceTree = "<group>";
		};
		B0D90588278229BF009B0782 /* Code */ = {
			isa = PBXGroup;
			children = (
				B0E458222782202600D5E780 /* AppDelegate.swift */,
				B0D90586278221FB009B0782 /* NeedleGenerated.swift */,
				B0D905832782212C009B0782 /* RootComponent.swift */,
				B0D9056427822119009B0782 /* MainScreen */,
				B0D905962786E7F9009B0782 /* utils */,
				B0D9057C27822121009B0782 /* extensions */,
			);
			path = Code;
			sourceTree = "<group>";
		};
		B0D90589278229C5009B0782 /* Resources */ = {
			isa = PBXGroup;
			children = (
				B0E458302782202800D5E780 /* LaunchScreen.storyboard */,
				B0E4582E2782202800D5E780 /* Assets.xcassets */,
			);
			path = Resources;
			sourceTree = "<group>";
		};
		B0D905902786E057009B0782 /* CoreData */ = {
			isa = PBXGroup;
			children = (
				B0D9058E2786DD0F009B0782 /* CoreDataManager.swift */,
				B0D905912786E067009B0782 /* models */,
				B0E4582B2782202600D5E780 /* Foxy.xcdatamodeld */,
			);
			path = CoreData;
			sourceTree = "<group>";
		};
		B0D905912786E067009B0782 /* models */ = {
			isa = PBXGroup;
			children = (
				B0D905922786E07E009B0782 /* Photo.swift */,
			);
			path = models;
			sourceTree = "<group>";
		};
		B0D905962786E7F9009B0782 /* utils */ = {
			isa = PBXGroup;
			children = (
				B0D905972786E80C009B0782 /* FoxyError.swift */,
				B0E67347278846C00057F412 /* NetworkManager.swift */,
				B047E85A2788CE90003891E9 /* PopupNotificationsManager.swift */,
			);
			path = utils;
			sourceTree = "<group>";
		};
		B0E458162782202600D5E780 = {
			isa = PBXGroup;
			children = (
				B0E458212782202600D5E780 /* Foxy */,
				B0E458202782202600D5E780 /* Products */,
				AF5B63DB05A93194665B8B23 /* Pods */,
				86D89FA0C653299749D9200C /* Frameworks */,
			);
			sourceTree = "<group>";
		};
		B0E458202782202600D5E780 /* Products */ = {
			isa = PBXGroup;
			children = (
				B0E4581F2782202600D5E780 /* Foxy.app */,
			);
			name = Products;
			sourceTree = "<group>";
		};
		B0E458212782202600D5E780 /* Foxy */ = {
			isa = PBXGroup;
			children = (
				B0D905902786E057009B0782 /* CoreData */,
				B0D90588278229BF009B0782 /* Code */,
				B0D90589278229C5009B0782 /* Resources */,
				B0E458332782202800D5E780 /* Info.plist */,
			);
			path = Foxy;
			sourceTree = "<group>";
		};
/* End PBXGroup section */

/* Begin PBXNativeTarget section */
		B0E4581E2782202600D5E780 /* Foxy */ = {
			isa = PBXNativeTarget;
			buildConfigurationList = B0E458362782202800D5E780 /* Build configuration list for PBXNativeTarget "Foxy" */;
			buildPhases = (
				F9EAA7432D7EF3776E414112 /* [CP] Check Pods Manifest.lock */,
				B0E4581B2782202600D5E780 /* Sources */,
				B0E4581C2782202600D5E780 /* Frameworks */,
				B0E4581D2782202600D5E780 /* Resources */,
				12C530D717530CA0F61ECDDD /* [CP] Embed Pods Frameworks */,
				B0D905852782214F009B0782 /* ShellScript */,
			);
			buildRules = (
			);
			dependencies = (
			);
			name = Foxy;
			productName = Foxy;
			productReference = B0E4581F2782202600D5E780 /* Foxy.app */;
			productType = "com.apple.product-type.application";
		};
/* End PBXNativeTarget section */

/* Begin PBXProject section */
		B0E458172782202600D5E780 /* Project object */ = {
			isa = PBXProject;
			attributes = {
				BuildIndependentTargetsInParallel = 1;
				LastSwiftUpdateCheck = 1320;
				LastUpgradeCheck = 1320;
				TargetAttributes = {
					B0E4581E2782202600D5E780 = {
						CreatedOnToolsVersion = 13.2.1;
					};
				};
			};
			buildConfigurationList = B0E4581A2782202600D5E780 /* Build configuration list for PBXProject "Foxy" */;
			compatibilityVersion = "Xcode 13.0";
			developmentRegion = en;
			hasScannedForEncodings = 0;
			knownRegions = (
				en,
				Base,
			);
			mainGroup = B0E458162782202600D5E780;
			productRefGroup = B0E458202782202600D5E780 /* Products */;
			projectDirPath = "";
			projectRoot = "";
			targets = (
				B0E4581E2782202600D5E780 /* Foxy */,
			);
		};
/* End PBXProject section */

/* Begin PBXResourcesBuildPhase section */
		B0E4581D2782202600D5E780 /* Resources */ = {
			isa = PBXResourcesBuildPhase;
			buildActionMask = 2147483647;
			files = (
				B0E458322782202800D5E780 /* LaunchScreen.storyboard in Resources */,
				B0E4582F2782202800D5E780 /* Assets.xcassets in Resources */,
			);
			runOnlyForDeploymentPostprocessing = 0;
		};
/* End PBXResourcesBuildPhase section */

/* Begin PBXShellScriptBuildPhase section */
		12C530D717530CA0F61ECDDD /* [CP] Embed Pods Frameworks */ = {
			isa = PBXShellScriptBuildPhase;
			buildActionMask = 2147483647;
			files = (
			);
			inputFileListPaths = (
				"${PODS_ROOT}/Target Support Files/Pods-Foxy/Pods-Foxy-frameworks-${CONFIGURATION}-input-files.xcfilelist",
			);
			name = "[CP] Embed Pods Frameworks";
			outputFileListPaths = (
				"${PODS_ROOT}/Target Support Files/Pods-Foxy/Pods-Foxy-frameworks-${CONFIGURATION}-output-files.xcfilelist",
			);
			runOnlyForDeploymentPostprocessing = 0;
			shellPath = /bin/sh;
			shellScript = "\"${PODS_ROOT}/Target Support Files/Pods-Foxy/Pods-Foxy-frameworks.sh\"\n";
			showEnvVarsInLog = 0;
		};
		B0D905852782214F009B0782 /* ShellScript */ = {
			isa = PBXShellScriptBuildPhase;
			buildActionMask = 2147483647;
			files = (
			);
			inputFileListPaths = (
			);
			inputPaths = (
			);
			outputFileListPaths = (
			);
			outputPaths = (
			);
			runOnlyForDeploymentPostprocessing = 0;
			shellPath = /bin/sh;
			shellScript = "export SOURCEKIT_LOGGING=0 && needle generate Foxy/Code/NeedleGenerated.swift Foxy/\n";
		};
		F9EAA7432D7EF3776E414112 /* [CP] Check Pods Manifest.lock */ = {
			isa = PBXShellScriptBuildPhase;
			buildActionMask = 2147483647;
			files = (
			);
			inputFileListPaths = (
			);
			inputPaths = (
				"${PODS_PODFILE_DIR_PATH}/Podfile.lock",
				"${PODS_ROOT}/Manifest.lock",
			);
			name = "[CP] Check Pods Manifest.lock";
			outputFileListPaths = (
			);
			outputPaths = (
				"$(DERIVED_FILE_DIR)/Pods-Foxy-checkManifestLockResult.txt",
			);
			runOnlyForDeploymentPostprocessing = 0;
			shellPath = /bin/sh;
			shellScript = "diff \"${PODS_PODFILE_DIR_PATH}/Podfile.lock\" \"${PODS_ROOT}/Manifest.lock\" > /dev/null\nif [ $? != 0 ] ; then\n    # print error to STDERR\n    echo \"error: The sandbox is not in sync with the Podfile.lock. Run 'pod install' or update your CocoaPods installation.\" >&2\n    exit 1\nfi\n# This output is used by Xcode 'outputs' to avoid re-running this script phase.\necho \"SUCCESS\" > \"${SCRIPT_OUTPUT_FILE_0}\"\n";
			showEnvVarsInLog = 0;
		};
/* End PBXShellScriptBuildPhase section */

/* Begin PBXSourcesBuildPhase section */
		B0E4581B2782202600D5E780 /* Sources */ = {
			isa = PBXSourcesBuildPhase;
			buildActionMask = 2147483647;
			files = (
				B0D9057427822119009B0782 /* FlickerPhotoRequest.swift in Sources */,
				B0D9058027822121009B0782 /* UIView+Extension.swift in Sources */,
				B0D9057927822119009B0782 /* MainScreenViewModel.swift in Sources */,
				B0E67348278846C00057F412 /* NetworkManager.swift in Sources */,
				B0D90587278221FB009B0782 /* NeedleGenerated.swift in Sources */,
				B0D9057A27822119009B0782 /* ImageCell.swift in Sources */,
				B0D905932786E07E009B0782 /* Photo.swift in Sources */,
				B0D9058F2786DD0F009B0782 /* CoreDataManager.swift in Sources */,
				B0D905842782212C009B0782 /* RootComponent.swift in Sources */,
				B0D905952786E70D009B0782 /* Closures.swift in Sources */,
				B0D9057627822119009B0782 /* GetInterestingnessResponse.swift in Sources */,
				B0D9057527822119009B0782 /* ErrorCaseGetPopularMethods.swift in Sources */,
				B0D9057727822119009B0782 /* MainScreenComponent.swift in Sources */,
				B0D9058127822121009B0782 /* String+Extension.swift in Sources */,
				B0D9057B27822119009B0782 /* MainScreenView.swift in Sources */,
				B047E85B2788CE90003891E9 /* PopupNotificationsManager.swift in Sources */,
				B0D905982786E80C009B0782 /* FoxyError.swift in Sources */,
				B0E458232782202600D5E780 /* AppDelegate.swift in Sources */,
				B0D9058227822121009B0782 /* CGSize+Extension.swift in Sources */,
				B0E4582D2782202600D5E780 /* Foxy.xcdatamodeld in Sources */,
				B0D9057227822119009B0782 /* FlickerSizePhoto.swift in Sources */,
				B0D9057827822119009B0782 /* MainScreenModel.swift in Sources */,
			);
			runOnlyForDeploymentPostprocessing = 0;
		};
/* End PBXSourcesBuildPhase section */

/* Begin PBXVariantGroup section */
		B0E458302782202800D5E780 /* LaunchScreen.storyboard */ = {
			isa = PBXVariantGroup;
			children = (
				B0E458312782202800D5E780 /* Base */,
			);
			name = LaunchScreen.storyboard;
			sourceTree = "<group>";
		};
/* End PBXVariantGroup section */

/* Begin XCBuildConfiguration section */
		B0E458342782202800D5E780 /* Debug */ = {
			isa = XCBuildConfiguration;
			buildSettings = {
				ALWAYS_SEARCH_USER_PATHS = NO;
				CLANG_ANALYZER_NONNULL = YES;
				CLANG_ANALYZER_NUMBER_OBJECT_CONVERSION = YES_AGGRESSIVE;
				CLANG_CXX_LANGUAGE_STANDARD = "gnu++17";
				CLANG_CXX_LIBRARY = "libc++";
				CLANG_ENABLE_MODULES = YES;
				CLANG_ENABLE_OBJC_ARC = YES;
				CLANG_ENABLE_OBJC_WEAK = YES;
				CLANG_WARN_BLOCK_CAPTURE_AUTORELEASING = YES;
				CLANG_WARN_BOOL_CONVERSION = YES;
				CLANG_WARN_COMMA = YES;
				CLANG_WARN_CONSTANT_CONVERSION = YES;
				CLANG_WARN_DEPRECATED_OBJC_IMPLEMENTATIONS = YES;
				CLANG_WARN_DIRECT_OBJC_ISA_USAGE = YES_ERROR;
				CLANG_WARN_DOCUMENTATION_COMMENTS = YES;
				CLANG_WARN_EMPTY_BODY = YES;
				CLANG_WARN_ENUM_CONVERSION = YES;
				CLANG_WARN_INFINITE_RECURSION = YES;
				CLANG_WARN_INT_CONVERSION = YES;
				CLANG_WARN_NON_LITERAL_NULL_CONVERSION = YES;
				CLANG_WARN_OBJC_IMPLICIT_RETAIN_SELF = YES;
				CLANG_WARN_OBJC_LITERAL_CONVERSION = YES;
				CLANG_WARN_OBJC_ROOT_CLASS = YES_ERROR;
				CLANG_WARN_QUOTED_INCLUDE_IN_FRAMEWORK_HEADER = YES;
				CLANG_WARN_RANGE_LOOP_ANALYSIS = YES;
				CLANG_WARN_STRICT_PROTOTYPES = YES;
				CLANG_WARN_SUSPICIOUS_MOVE = YES;
				CLANG_WARN_UNGUARDED_AVAILABILITY = YES_AGGRESSIVE;
				CLANG_WARN_UNREACHABLE_CODE = YES;
				CLANG_WARN__DUPLICATE_METHOD_MATCH = YES;
				COPY_PHASE_STRIP = NO;
				DEBUG_INFORMATION_FORMAT = dwarf;
				ENABLE_STRICT_OBJC_MSGSEND = YES;
				ENABLE_TESTABILITY = YES;
				GCC_C_LANGUAGE_STANDARD = gnu11;
				GCC_DYNAMIC_NO_PIC = NO;
				GCC_NO_COMMON_BLOCKS = YES;
				GCC_OPTIMIZATION_LEVEL = 0;
				GCC_PREPROCESSOR_DEFINITIONS = (
					"DEBUG=1",
					"$(inherited)",
				);
				GCC_WARN_64_TO_32_BIT_CONVERSION = YES;
				GCC_WARN_ABOUT_RETURN_TYPE = YES_ERROR;
				GCC_WARN_UNDECLARED_SELECTOR = YES;
				GCC_WARN_UNINITIALIZED_AUTOS = YES_AGGRESSIVE;
				GCC_WARN_UNUSED_FUNCTION = YES;
				GCC_WARN_UNUSED_VARIABLE = YES;
				IPHONEOS_DEPLOYMENT_TARGET = 15.2;
				MTL_ENABLE_DEBUG_INFO = INCLUDE_SOURCE;
				MTL_FAST_MATH = YES;
				ONLY_ACTIVE_ARCH = YES;
				SDKROOT = iphoneos;
				SWIFT_ACTIVE_COMPILATION_CONDITIONS = DEBUG;
				SWIFT_OPTIMIZATION_LEVEL = "-Onone";
			};
			name = Debug;
		};
		B0E458352782202800D5E780 /* Release */ = {
			isa = XCBuildConfiguration;
			buildSettings = {
				ALWAYS_SEARCH_USER_PATHS = NO;
				CLANG_ANALYZER_NONNULL = YES;
				CLANG_ANALYZER_NUMBER_OBJECT_CONVERSION = YES_AGGRESSIVE;
				CLANG_CXX_LANGUAGE_STANDARD = "gnu++17";
				CLANG_CXX_LIBRARY = "libc++";
				CLANG_ENABLE_MODULES = YES;
				CLANG_ENABLE_OBJC_ARC = YES;
				CLANG_ENABLE_OBJC_WEAK = YES;
				CLANG_WARN_BLOCK_CAPTURE_AUTORELEASING = YES;
				CLANG_WARN_BOOL_CONVERSION = YES;
				CLANG_WARN_COMMA = YES;
				CLANG_WARN_CONSTANT_CONVERSION = YES;
				CLANG_WARN_DEPRECATED_OBJC_IMPLEMENTATIONS = YES;
				CLANG_WARN_DIRECT_OBJC_ISA_USAGE = YES_ERROR;
				CLANG_WARN_DOCUMENTATION_COMMENTS = YES;
				CLANG_WARN_EMPTY_BODY = YES;
				CLANG_WARN_ENUM_CONVERSION = YES;
				CLANG_WARN_INFINITE_RECURSION = YES;
				CLANG_WARN_INT_CONVERSION = YES;
				CLANG_WARN_NON_LITERAL_NULL_CONVERSION = YES;
				CLANG_WARN_OBJC_IMPLICIT_RETAIN_SELF = YES;
				CLANG_WARN_OBJC_LITERAL_CONVERSION = YES;
				CLANG_WARN_OBJC_ROOT_CLASS = YES_ERROR;
				CLANG_WARN_QUOTED_INCLUDE_IN_FRAMEWORK_HEADER = YES;
				CLANG_WARN_RANGE_LOOP_ANALYSIS = YES;
				CLANG_WARN_STRICT_PROTOTYPES = YES;
				CLANG_WARN_SUSPICIOUS_MOVE = YES;
				CLANG_WARN_UNGUARDED_AVAILABILITY = YES_AGGRESSIVE;
				CLANG_WARN_UNREACHABLE_CODE = YES;
				CLANG_WARN__DUPLICATE_METHOD_MATCH = YES;
				COPY_PHASE_STRIP = NO;
				DEBUG_INFORMATION_FORMAT = "dwarf-with-dsym";
				ENABLE_NS_ASSERTIONS = NO;
				ENABLE_STRICT_OBJC_MSGSEND = YES;
				GCC_C_LANGUAGE_STANDARD = gnu11;
				GCC_NO_COMMON_BLOCKS = YES;
				GCC_WARN_64_TO_32_BIT_CONVERSION = YES;
				GCC_WARN_ABOUT_RETURN_TYPE = YES_ERROR;
				GCC_WARN_UNDECLARED_SELECTOR = YES;
				GCC_WARN_UNINITIALIZED_AUTOS = YES_AGGRESSIVE;
				GCC_WARN_UNUSED_FUNCTION = YES;
				GCC_WARN_UNUSED_VARIABLE = YES;
				IPHONEOS_DEPLOYMENT_TARGET = 15.2;
				MTL_ENABLE_DEBUG_INFO = NO;
				MTL_FAST_MATH = YES;
				SDKROOT = iphoneos;
				SWIFT_COMPILATION_MODE = wholemodule;
				SWIFT_OPTIMIZATION_LEVEL = "-O";
				VALIDATE_PRODUCT = YES;
			};
			name = Release;
		};
		B0E458372782202800D5E780 /* Debug */ = {
			isa = XCBuildConfiguration;
			baseConfigurationReference = 351238C422480948CFE0E1B8 /* Pods-Foxy.debug.xcconfig */;
			buildSettings = {
				ASSETCATALOG_COMPILER_APPICON_NAME = AppIcon;
				ASSETCATALOG_COMPILER_GLOBAL_ACCENT_COLOR_NAME = AccentColor;
				CODE_SIGN_STYLE = Automatic;
				CURRENT_PROJECT_VERSION = 1;
				DEVELOPMENT_TEAM = L964CV4KRG;
				GENERATE_INFOPLIST_FILE = YES;
				INFOPLIST_FILE = Foxy/Info.plist;
				INFOPLIST_KEY_UIApplicationSupportsIndirectInputEvents = YES;
				INFOPLIST_KEY_UILaunchStoryboardName = LaunchScreen;
				INFOPLIST_KEY_UIStatusBarHidden = NO;
				INFOPLIST_KEY_UISupportedInterfaceOrientations = "UIInterfaceOrientationPortrait UIInterfaceOrientationLandscapeLeft UIInterfaceOrientationLandscapeRight";
				INFOPLIST_KEY_UISupportedInterfaceOrientations_iPad = "UIInterfaceOrientationPortrait UIInterfaceOrientationPortraitUpsideDown UIInterfaceOrientationLandscapeLeft UIInterfaceOrientationLandscapeRight";
				INFOPLIST_KEY_UISupportedInterfaceOrientations_iPhone = "UIInterfaceOrientationPortrait UIInterfaceOrientationLandscapeLeft UIInterfaceOrientationLandscapeRight";
				LD_RUNPATH_SEARCH_PATHS = (
					"$(inherited)",
					"@executable_path/Frameworks",
				);
				MARKETING_VERSION = 1.0;
				PRODUCT_BUNDLE_IDENTIFIER = com.lrkhabibullin.Foxy;
				PRODUCT_NAME = "$(TARGET_NAME)";
				SWIFT_EMIT_LOC_STRINGS = YES;
				SWIFT_VERSION = 5.0;
				TARGETED_DEVICE_FAMILY = "1,2";
			};
			name = Debug;
		};
		B0E458382782202800D5E780 /* Release */ = {
			isa = XCBuildConfiguration;
			baseConfigurationReference = F1C2D5BD863CA441C79587FE /* Pods-Foxy.release.xcconfig */;
			buildSettings = {
				ASSETCATALOG_COMPILER_APPICON_NAME = AppIcon;
				ASSETCATALOG_COMPILER_GLOBAL_ACCENT_COLOR_NAME = AccentColor;
				CODE_SIGN_STYLE = Automatic;
				CURRENT_PROJECT_VERSION = 1;
				DEVELOPMENT_TEAM = L964CV4KRG;
				GENERATE_INFOPLIST_FILE = YES;
				INFOPLIST_FILE = Foxy/Info.plist;
				INFOPLIST_KEY_UIApplicationSupportsIndirectInputEvents = YES;
				INFOPLIST_KEY_UILaunchStoryboardName = LaunchScreen;
				INFOPLIST_KEY_UIStatusBarHidden = NO;
				INFOPLIST_KEY_UISupportedInterfaceOrientations = "UIInterfaceOrientationPortrait UIInterfaceOrientationLandscapeLeft UIInterfaceOrientationLandscapeRight";
				INFOPLIST_KEY_UISupportedInterfaceOrientations_iPad = "UIInterfaceOrientationPortrait UIInterfaceOrientationPortraitUpsideDown UIInterfaceOrientationLandscapeLeft UIInterfaceOrientationLandscapeRight";
				INFOPLIST_KEY_UISupportedInterfaceOrientations_iPhone = "UIInterfaceOrientationPortrait UIInterfaceOrientationLandscapeLeft UIInterfaceOrientationLandscapeRight";
				LD_RUNPATH_SEARCH_PATHS = (
					"$(inherited)",
					"@executable_path/Frameworks",
				);
				MARKETING_VERSION = 1.0;
				PRODUCT_BUNDLE_IDENTIFIER = com.lrkhabibullin.Foxy;
				PRODUCT_NAME = "$(TARGET_NAME)";
				SWIFT_EMIT_LOC_STRINGS = YES;
				SWIFT_VERSION = 5.0;
				TARGETED_DEVICE_FAMILY = "1,2";
			};
			name = Release;
		};
/* End XCBuildConfiguration section */

/* Begin XCConfigurationList section */
		B0E4581A2782202600D5E780 /* Build configuration list for PBXProject "Foxy" */ = {
			isa = XCConfigurationList;
			buildConfigurations = (
				B0E458342782202800D5E780 /* Debug */,
				B0E458352782202800D5E780 /* Release */,
			);
			defaultConfigurationIsVisible = 0;
			defaultConfigurationName = Release;
		};
		B0E458362782202800D5E780 /* Build configuration list for PBXNativeTarget "Foxy" */ = {
			isa = XCConfigurationList;
			buildConfigurations = (
				B0E458372782202800D5E780 /* Debug */,
				B0E458382782202800D5E780 /* Release */,
			);
			defaultConfigurationIsVisible = 0;
			defaultConfigurationName = Release;
		};
/* End XCConfigurationList section */

/* Begin XCVersionGroup section */
		B0E4582B2782202600D5E780 /* Foxy.xcdatamodeld */ = {
			isa = XCVersionGroup;
			children = (
				B0E4582C2782202600D5E780 /* Foxy.xcdatamodel */,
			);
			currentVersion = B0E4582C2782202600D5E780 /* Foxy.xcdatamodel */;
			path = Foxy.xcdatamodeld;
			sourceTree = "<group>";
			versionGroupType = wrapper.xcdatamodel;
		};
/* End XCVersionGroup section */
	};
	rootObject = B0E458172782202600D5E780 /* Project object */;
}
