PODS:
  - NeedleFoundation (0.17.2)
  - OpenCombine (0.12.0)
  - OpenCombineDispatch (0.12.0):
    - OpenCombine (>= 0.10.2)
  - OpenCombineFoundation (0.12.0):
    - OpenCombine (>= 0.10.2)
  - PinLayout (1.10.0)
  - SnapKit (5.0.1)
  - SwiftEntryKit (2.0.0)

DEPENDENCIES:
  - NeedleFoundation
  - OpenCombine (~> 0.12.0)
  - OpenCombineDispatch (~> 0.12.0)
  - OpenCombineFoundation (~> 0.12.0)
  - PinLayout
  - SnapKit
  - SwiftEntryKit

SPEC REPOS:
  trunk:
    - NeedleFoundation
    - OpenCombine
    - OpenCombineDispatch
    - OpenCombineFoundation
    - PinLayout
    - SnapKit
    - SwiftEntryKit

SPEC CHECKSUMS:
  NeedleFoundation: 36cfaea9ae9eb527a796f5c1df19296c722666b8
  OpenCombine: a8c52f249bc3c7e2bd5ffb75e8653e57a8e33d27
  OpenCombineDispatch: 68ed85ae5255d558a14434a802f65fb833b50d39
  OpenCombineFoundation: b279f27ca5a5a165f0c06e2beb266fc068967bb8
  PinLayout: e50e9a748b632905fca6e67043ea4b05d6c92186
  SnapKit: 97b92857e3df3a0c71833cce143274bf6ef8e5eb
  SwiftEntryKit: 61b5fa36f34a97dd8013e48a7345bc4c4720be9a

PODFILE CHECKSUM: 0bd09397f50c0ab7ab7b632163a344b734cdb4bb

COCOAPODS: 1.11.2
